<?xml version="1.0" encoding="UTF-8" standalone="yes" ?>
<CodeBlocks_project_file>
	<FileVersion major="1" minor="6" />
	<Project>
		<Option title="iron-worlds-1" />
		<Option pch_mode="2" />
		<Option compiler="gcc" />
		<Build>
			<Target title="Debug">
				<Option platforms="" />
				<Option output="bin/Debug/iron-worlds-1" prefix_auto="1" extension_auto="1" />
				<Option object_output="obj/Debug/" />
				<Option type="1" />
				<Option compiler="gcc" />
				<Compiler>
					<Add option="-Wnon-virtual-dtor" />
					<Add option="-Wshadow" />
					<Add option="-Winit-self" />
					<Add option="-Wredundant-decls" />
					<Add option="-Wcast-align" />
					<Add option="-Wundef" />
					<Add option="-Wfloat-equal" />
					<Add option="-Winline" />
					<Add option="-Wunreachable-code" />
					<Add option="-Wmissing-declarations" />
					<Add option="-Wmissing-include-dirs" />
					<Add option="-Wswitch-enum" />
					<Add option="-Wswitch-default" />
					<Add option="-Weffc++" />
					<Add option="-Wzero-as-null-pointer-constant" />
					<Add option="-Wmain" />
					<Add option="-pedantic-errors" />
					<Add option="-pedantic" />
					<Add option="-Wextra" />
					<Add option="-Wall" />
					<Add option="-g" />
				</Compiler>
			</Target>
			<Target title="Release">
				<Option platforms="" />
				<Option output="bin/Release/iron-worlds-1" prefix_auto="1" extension_auto="1" />
				<Option object_output="obj/Release/" />
				<Option type="0" />
				<Option compiler="gcc" />
				<Compiler>
					<Add option="-O2" />
				</Compiler>
				<Linker>
					<Add option="-s" />
				</Linker>
			</Target>
			<Target title="Win32_Debug">
				<Option output="bin/Win32_Debug/iron-worlds-1" prefix_auto="1" extension_auto="1" />
				<Option object_output="obj/Win32_Debug/" />
				<Option type="1" />
				<Option compiler="gcc" />
				<Compiler>
					<Add option="-g" />
				</Compiler>
			</Target>
			<Target title="Win32_Release">
				<Option output="bin/Win32_Release/iron-worlds-1" prefix_auto="1" extension_auto="1" />
				<Option object_output="obj/Win32_Release/" />
				<Option type="0" />
				<Option compiler="gcc" />
				<Compiler>
					<Add option="-O2" />
				</Compiler>
				<Linker>
					<Add option="-s" />
				</Linker>
			</Target>
			<Target title="Fedora_Debug">
				<Option output="bin/Fedora_Debug/iron-worlds-1" prefix_auto="1" extension_auto="1" />
				<Option object_output="obj/Fedora_Debug/" />
				<Option type="1" />
				<Option compiler="gcc" />
				<Compiler>
					<Add option="-g" />
				</Compiler>
			</Target>
			<Target title="Fedora_Release">
				<Option output="bin/Fedora_Release/iron-worlds-1" prefix_auto="1" extension_auto="1" />
				<Option object_output="obj/Fedora_Release/" />
				<Option type="0" />
				<Option compiler="gcc" />
				<Compiler>
					<Add option="-O2" />
				</Compiler>
				<Linker>
					<Add option="-s" />
					<Add library="libGL.so" />
				</Linker>
			</Target>
		</Build>
		<Compiler>
			<Add option="-Wall" />
			<Add option="-fexceptions" />
		</Compiler>
		<Linker>
			<!--Add library="opengl32" />
			<Add library="glu32" />
			<Add library="gdi32" /-->
			<Add library="GL" />
			<Add library="X11" />
		</Linker>
		<Unit filename="Fedora_foundation.h">
			<Option target="Fedora_Release" />
			<Option target="Fedora_Debug" />
		</Unit>
		<Unit filename="Fedora_main.cpp">
			<Option weight="0" />
			<Option target="Fedora_Debug" />
			<Option target="Fedora_Release" />
		</Unit>
		<Unit filename="Win32_foundation.h">
			<Option target="Win32_Debug" />
			<Option target="Win32_Release" />
		</Unit>
		<Unit filename="Win32_main.cpp">
			<Option target="Win32_Debug" />
			<Option target="Win32_Release" />
		</Unit>
		<Unit filename="body.cpp" />
		<Unit filename="body.h">
			<Option target="Debug" />
			<Option target="Release" />
			<Option target="Win32_Debug" />
			<Option target="Win32_Release" />
			<Option target="Fedora_Release" />
		</Unit>
		<Unit filename="bottom_portability_bookend.h">
			<Option weight="73" />
			<Option target="Debug" />
			<Option target="Release" />
			<Option target="Win32_Debug" />
			<Option target="Win32_Release" />
			<Option target="Fedora_Release" />
		</Unit>
		<Unit filename="input.cpp" />
		<Unit filename="input.h">
			<Option target="Debug" />
			<Option target="Release" />
			<Option target="Win32_Debug" />
			<Option target="Win32_Release" />
			<Option target="Fedora_Release" />
		</Unit>
		<Unit filename="lisp.cpp" />
		<Unit filename="lisp.h">
			<Option target="Debug" />
			<Option target="Release" />
			<Option target="Win32_Debug" />
			<Option target="Win32_Release" />
			<Option target="Fedora_Release" />
		</Unit>
		<Unit filename="logic.cpp" />
		<Unit filename="logic.h">
			<Option target="Debug" />
			<Option target="Release" />
			<Option target="Win32_Debug" />
			<Option target="Win32_Release" />
			<Option target="Fedora_Release" />
		</Unit>
		<Unit filename="matrix.cpp" />
		<Unit filename="matrix.h">
			<Option target="Debug" />
			<Option target="Release" />
			<Option target="Win32_Debug" />
			<Option target="Win32_Release" />
			<Option target="Fedora_Release" />
		</Unit>
		<Unit filename="renderer.cpp" />
		<Unit filename="renderer.h">
			<Option target="Debug" />
			<Option target="Release" />
			<Option target="Win32_Debug" />
			<Option target="Win32_Release" />
			<Option target="Fedora_Release" />
		</Unit>
		<Unit filename="rotation.cpp" />
		<Unit filename="rotation.h">
			<Option target="Debug" />
			<Option target="Release" />
			<Option target="Win32_Debug" />
			<Option target="Win32_Release" />
			<Option target="Fedora_Release" />
		</Unit>
		<Unit filename="scene.cpp" />
		<Unit filename="scene.h">
			<Option target="Debug" />
			<Option target="Release" />
			<Option target="Win32_Debug" />
			<Option target="Win32_Release" />
			<Option target="Fedora_Release" />
		</Unit>
		<Unit filename="top_portability_bookend.cpp" />
		<Unit filename="top_portability_bookend.h">
			<Option target="Debug" />
			<Option target="Release" />
			<Option target="Win32_Debug" />
			<Option target="Win32_Release" />
			<Option target="Fedora_Release" />
		</Unit>
		<Extensions />
	</Project>
</CodeBlocks_project_file>
